// !$*UTF8*$!
{
	archiveVersion = 1;
	classes = {
	};
	objectVersion = 46;
	objects = {

/* Begin PBXBuildFile section */
		5CB46ABE1968138600B66CA7 /* Foundation.framework in Frameworks */ = {isa = PBXBuildFile; fileRef = 5CB46ABD1968138600B66CA7 /* Foundation.framework */; };
		5CB46AC01968138600B66CA7 /* CoreGraphics.framework in Frameworks */ = {isa = PBXBuildFile; fileRef = 5CB46ABF1968138600B66CA7 /* CoreGraphics.framework */; };
		5CB46AC21968138600B66CA7 /* UIKit.framework in Frameworks */ = {isa = PBXBuildFile; fileRef = 5CB46AC11968138600B66CA7 /* UIKit.framework */; };
		5CB46AC81968138600B66CA7 /* InfoPlist.strings in Resources */ = {isa = PBXBuildFile; fileRef = 5CB46AC61968138600B66CA7 /* InfoPlist.strings */; };
		5CB46ACA1968138600B66CA7 /* main.m in Sources */ = {isa = PBXBuildFile; fileRef = 5CB46AC91968138600B66CA7 /* main.m */; };
		5CB46ACE1968138600B66CA7 /* AppDelegate.m in Sources */ = {isa = PBXBuildFile; fileRef = 5CB46ACD1968138600B66CA7 /* AppDelegate.m */; };
		5CB46AD11968138600B66CA7 /* Main.storyboard in Resources */ = {isa = PBXBuildFile; fileRef = 5CB46ACF1968138600B66CA7 /* Main.storyboard */; };
		5CB46AD41968138600B66CA7 /* ViewController.m in Sources */ = {isa = PBXBuildFile; fileRef = 5CB46AD31968138600B66CA7 /* ViewController.m */; };
		5CB46AD61968138600B66CA7 /* Images.xcassets in Resources */ = {isa = PBXBuildFile; fileRef = 5CB46AD51968138600B66CA7 /* Images.xcassets */; };
		5CB46B0F19681C9F00B66CA7 /* LoginScreenViewController.m in Sources */ = {isa = PBXBuildFile; fileRef = 5CB46B0E19681C9F00B66CA7 /* LoginScreenViewController.m */; };
		5CB46B4219682B3300B66CA7 /* bg@2x.png in Resources */ = {isa = PBXBuildFile; fileRef = 5CB46B2919682B3300B66CA7 /* bg@2x.png */; };
		5CB46B4319682B3300B66CA7 /* login@2x.png in Resources */ = {isa = PBXBuildFile; fileRef = 5CB46B2A19682B3300B66CA7 /* login@2x.png */; };
		5CB46B4419682B3300B66CA7 /* splash@2x.png in Resources */ = {isa = PBXBuildFile; fileRef = 5CB46B2B19682B3300B66CA7 /* splash@2x.png */; };
		5CB46B4719682CDC00B66CA7 /* MainViewController.m in Sources */ = {isa = PBXBuildFile; fileRef = 5CB46B4619682CDC00B66CA7 /* MainViewController.m */; };
		5CB46B531968327800B66CA7 /* fav_products@2x.png in Resources */ = {isa = PBXBuildFile; fileRef = 5CB46B491968327800B66CA7 /* fav_products@2x.png */; };
		5CB46B541968327800B66CA7 /* roos_connection@2x.png in Resources */ = {isa = PBXBuildFile; fileRef = 5CB46B4A1968327800B66CA7 /* roos_connection@2x.png */; };
		5CB46B551968327800B66CA7 /* roos_wishlist@2x.png in Resources */ = {isa = PBXBuildFile; fileRef = 5CB46B4B1968327800B66CA7 /* roos_wishlist@2x.png */; };
		5CB46B561968327800B66CA7 /* roos_wishlist_active@2x.png in Resources */ = {isa = PBXBuildFile; fileRef = 5CB46B4C1968327800B66CA7 /* roos_wishlist_active@2x.png */; };
		5CB46B571968327800B66CA7 /* ross_content@2x.png in Resources */ = {isa = PBXBuildFile; fileRef = 5CB46B4D1968327800B66CA7 /* ross_content@2x.png */; };
		5CB46B581968327800B66CA7 /* ross_fav@2x.png in Resources */ = {isa = PBXBuildFile; fileRef = 5CB46B4E1968327800B66CA7 /* ross_fav@2x.png */; };
		5CB46B591968327800B66CA7 /* ross_fav_store@2x.png in Resources */ = {isa = PBXBuildFile; fileRef = 5CB46B4F1968327800B66CA7 /* ross_fav_store@2x.png */; };
		5CB46B5A1968327800B66CA7 /* ross_fav_store_active@2x.png in Resources */ = {isa = PBXBuildFile; fileRef = 5CB46B501968327800B66CA7 /* ross_fav_store_active@2x.png */; };
		5CB46B5B1968327800B66CA7 /* ross_picture@2x.png in Resources */ = {isa = PBXBuildFile; fileRef = 5CB46B511968327800B66CA7 /* ross_picture@2x.png */; };
		5CB46B5C1968327800B66CA7 /* store_details.png in Resources */ = {isa = PBXBuildFile; fileRef = 5CB46B521968327800B66CA7 /* store_details.png */; };
		5CB46B78196832A800B66CA7 /* back_icon@2x.png in Resources */ = {isa = PBXBuildFile; fileRef = 5CB46B5E196832A700B66CA7 /* back_icon@2x.png */; };
		5CB46B79196832A800B66CA7 /* connected_accounts@2x.png in Resources */ = {isa = PBXBuildFile; fileRef = 5CB46B5F196832A700B66CA7 /* connected_accounts@2x.png */; };
		5CB46B7A196832A800B66CA7 /* connected_accounts_active@2x.png in Resources */ = {isa = PBXBuildFile; fileRef = 5CB46B60196832A700B66CA7 /* connected_accounts_active@2x.png */; };
		5CB46B7B196832A800B66CA7 /* connected_people@2x.png in Resources */ = {isa = PBXBuildFile; fileRef = 5CB46B61196832A700B66CA7 /* connected_people@2x.png */; };
		5CB46B7C196832A800B66CA7 /* frank_image@2x.png in Resources */ = {isa = PBXBuildFile; fileRef = 5CB46B62196832A700B66CA7 /* frank_image@2x.png */; };
		5CB46B7D196832A800B66CA7 /* frank_profile_detail@2x.png in Resources */ = {isa = PBXBuildFile; fileRef = 5CB46B63196832A700B66CA7 /* frank_profile_detail@2x.png */; };
		5CB46B7E196832A800B66CA7 /* frank_wishlist@2x.png in Resources */ = {isa = PBXBuildFile; fileRef = 5CB46B64196832A700B66CA7 /* frank_wishlist@2x.png */; };
		5CB46B7F196832A800B66CA7 /* my_favorite@2x.png in Resources */ = {isa = PBXBuildFile; fileRef = 5CB46B65196832A700B66CA7 /* my_favorite@2x.png */; };
		5CB46B80196832A800B66CA7 /* my_favorite_store@2x.png in Resources */ = {isa = PBXBuildFile; fileRef = 5CB46B66196832A700B66CA7 /* my_favorite_store@2x.png */; };
		5CB46B81196832A800B66CA7 /* off_bg.png in Resources */ = {isa = PBXBuildFile; fileRef = 5CB46B68196832A700B66CA7 /* off_bg.png */; };
		5CB46B82196832A800B66CA7 /* off_bg@2x.png in Resources */ = {isa = PBXBuildFile; fileRef = 5CB46B69196832A700B66CA7 /* off_bg@2x.png */; };
		5CB46B83196832A800B66CA7 /* off_text.png in Resources */ = {isa = PBXBuildFile; fileRef = 5CB46B6A196832A700B66CA7 /* off_text.png */; };
		5CB46B84196832A800B66CA7 /* off_text@2x.png in Resources */ = {isa = PBXBuildFile; fileRef = 5CB46B6B196832A700B66CA7 /* off_text@2x.png */; };
		5CB46B85196832A800B66CA7 /* on_bg.png in Resources */ = {isa = PBXBuildFile; fileRef = 5CB46B6C196832A700B66CA7 /* on_bg.png */; };
		5CB46B86196832A800B66CA7 /* on_bg@2x.png in Resources */ = {isa = PBXBuildFile; fileRef = 5CB46B6D196832A700B66CA7 /* on_bg@2x.png */; };
		5CB46B87196832A800B66CA7 /* on_text.png in Resources */ = {isa = PBXBuildFile; fileRef = 5CB46B6E196832A700B66CA7 /* on_text.png */; };
		5CB46B88196832A800B66CA7 /* on_text@2x.png in Resources */ = {isa = PBXBuildFile; fileRef = 5CB46B6F196832A700B66CA7 /* on_text@2x.png */; };
		5CB46B89196832A800B66CA7 /* toggle_knob_off.png in Resources */ = {isa = PBXBuildFile; fileRef = 5CB46B70196832A700B66CA7 /* toggle_knob_off.png */; };
		5CB46B8A196832A800B66CA7 /* toggle_knob_off@2x.png in Resources */ = {isa = PBXBuildFile; fileRef = 5CB46B71196832A700B66CA7 /* toggle_knob_off@2x.png */; };
		5CB46B8B196832A800B66CA7 /* toggle_knob_on.png in Resources */ = {isa = PBXBuildFile; fileRef = 5CB46B72196832A700B66CA7 /* toggle_knob_on.png */; };
		5CB46B8C196832A800B66CA7 /* toggle_knob_on@2x.png in Resources */ = {isa = PBXBuildFile; fileRef = 5CB46B73196832A700B66CA7 /* toggle_knob_on@2x.png */; };
		5CB46B8D196832A800B66CA7 /* toggle_off.png in Resources */ = {isa = PBXBuildFile; fileRef = 5CB46B74196832A700B66CA7 /* toggle_off.png */; };
		5CB46B8E196832A800B66CA7 /* toggle_off@2x.png in Resources */ = {isa = PBXBuildFile; fileRef = 5CB46B75196832A700B66CA7 /* toggle_off@2x.png */; };
		5CB46B8F196832A800B66CA7 /* toggle_on.png in Resources */ = {isa = PBXBuildFile; fileRef = 5CB46B76196832A700B66CA7 /* toggle_on.png */; };
		5CB46B90196832A800B66CA7 /* toggle_on@2x.png in Resources */ = {isa = PBXBuildFile; fileRef = 5CB46B77196832A700B66CA7 /* toggle_on@2x.png */; };
		CFC22B0D1968512F00A06C3A /* acknowledgments.md in Resources */ = {isa = PBXBuildFile; fileRef = CFC22AE81968512F00A06C3A /* acknowledgments.md */; };
		CFC22B0E1968512F00A06C3A /* libCardIO.a in Frameworks */ = {isa = PBXBuildFile; fileRef = CFC22AEF1968512F00A06C3A /* libCardIO.a */; };
		CFC22B0F1968512F00A06C3A /* LICENSE.md in Resources */ = {isa = PBXBuildFile; fileRef = CFC22AF01968512F00A06C3A /* LICENSE.md */; };
		CFC22B101968512F00A06C3A /* libPayPalMPL.a in Frameworks */ = {isa = PBXBuildFile; fileRef = CFC22AF21968512F00A06C3A /* libPayPalMPL.a */; };
		CFC22B111968512F00A06C3A /* LICENSE.txt in Resources */ = {isa = PBXBuildFile; fileRef = CFC22AFE1968512F00A06C3A /* LICENSE.txt */; };
		CFC22B121968512F00A06C3A /* SVProgressHUD.bundle in Resources */ = {isa = PBXBuildFile; fileRef = CFC22B001968512F00A06C3A /* SVProgressHUD.bundle */; };
		CFC22B131968512F00A06C3A /* SVProgressHUD.m in Sources */ = {isa = PBXBuildFile; fileRef = CFC22B021968512F00A06C3A /* SVProgressHUD.m */; };
		CFC22B141968512F00A06C3A /* LICENSE.txt in Resources */ = {isa = PBXBuildFile; fileRef = CFC22B041968512F00A06C3A /* LICENSE.txt */; };
		CFC22B151968512F00A06C3A /* TPKeyboardAvoidingCollectionView.m in Sources */ = {isa = PBXBuildFile; fileRef = CFC22B061968512F00A06C3A /* TPKeyboardAvoidingCollectionView.m */; };
		CFC22B161968512F00A06C3A /* TPKeyboardAvoidingScrollView.m in Sources */ = {isa = PBXBuildFile; fileRef = CFC22B081968512F00A06C3A /* TPKeyboardAvoidingScrollView.m */; };
		CFC22B171968512F00A06C3A /* TPKeyboardAvoidingTableView.m in Sources */ = {isa = PBXBuildFile; fileRef = CFC22B0A1968512F00A06C3A /* TPKeyboardAvoidingTableView.m */; };
		CFC22B181968512F00A06C3A /* UIScrollView+TPKeyboardAvoidingAdditions.m in Sources */ = {isa = PBXBuildFile; fileRef = CFC22B0C1968512F00A06C3A /* UIScrollView+TPKeyboardAvoidingAdditions.m */; };
		CFC22B1A1968538800A06C3A /* AVFoundation.framework in Frameworks */ = {isa = PBXBuildFile; fileRef = CFC22B191968538800A06C3A /* AVFoundation.framework */; };
		CFC22B1C1968539800A06C3A /* QuartzCore.framework in Frameworks */ = {isa = PBXBuildFile; fileRef = CFC22B1B1968539700A06C3A /* QuartzCore.framework */; };
		CFC22B1E196853A600A06C3A /* Security.framework in Frameworks */ = {isa = PBXBuildFile; fileRef = CFC22B1D196853A600A06C3A /* Security.framework */; };
		CFC22B21196853CA00A06C3A /* AddressBook.framework in Frameworks */ = {isa = PBXBuildFile; fileRef = CFC22B1F196853CA00A06C3A /* AddressBook.framework */; };
		CFC22B22196853CA00A06C3A /* AddressBookUI.framework in Frameworks */ = {isa = PBXBuildFile; fileRef = CFC22B20196853CA00A06C3A /* AddressBookUI.framework */; };
		CFC22B24196853FE00A06C3A /* libxml2.2.dylib in Frameworks */ = {isa = PBXBuildFile; fileRef = CFC22B23196853FE00A06C3A /* libxml2.2.dylib */; };
		CFC22B261968541000A06C3A /* libz.dylib in Frameworks */ = {isa = PBXBuildFile; fileRef = CFC22B251968541000A06C3A /* libz.dylib */; };
		CFC22B2A1968557600A06C3A /* MyOrder.bundle in Resources */ = {isa = PBXBuildFile; fileRef = CFC22B291968557600A06C3A /* MyOrder.bundle */; };
		CFC22B2C196858D900A06C3A /* MyOrder.framework in Frameworks */ = {isa = PBXBuildFile; fileRef = CFC22B2B196858D900A06C3A /* MyOrder.framework */; };
		F56262A2196844E9002A2616 /* BaseViewController.m in Sources */ = {isa = PBXBuildFile; fileRef = F562629E196844E9002A2616 /* BaseViewController.m */; };
		F56262A3196844E9002A2616 /* GeoLocationManager.m in Sources */ = {isa = PBXBuildFile; fileRef = F56262A0196844E9002A2616 /* GeoLocationManager.m */; };
/* End PBXBuildFile section */

/* Begin PBXFileReference section */
		5CB46ABA1968138600B66CA7 /* SmartShopperHackathon.app */ = {isa = PBXFileReference; explicitFileType = wrapper.application; includeInIndex = 0; path = SmartShopperHackathon.app; sourceTree = BUILT_PRODUCTS_DIR; };
		5CB46ABD1968138600B66CA7 /* Foundation.framework */ = {isa = PBXFileReference; lastKnownFileType = wrapper.framework; name = Foundation.framework; path = System/Library/Frameworks/Foundation.framework; sourceTree = SDKROOT; };
		5CB46ABF1968138600B66CA7 /* CoreGraphics.framework */ = {isa = PBXFileReference; lastKnownFileType = wrapper.framework; name = CoreGraphics.framework; path = System/Library/Frameworks/CoreGraphics.framework; sourceTree = SDKROOT; };
		5CB46AC11968138600B66CA7 /* UIKit.framework */ = {isa = PBXFileReference; lastKnownFileType = wrapper.framework; name = UIKit.framework; path = System/Library/Frameworks/UIKit.framework; sourceTree = SDKROOT; };
		5CB46AC51968138600B66CA7 /* SmartShopperHackathon-Info.plist */ = {isa = PBXFileReference; lastKnownFileType = text.plist.xml; path = "SmartShopperHackathon-Info.plist"; sourceTree = "<group>"; };
		5CB46AC71968138600B66CA7 /* en */ = {isa = PBXFileReference; lastKnownFileType = text.plist.strings; name = en; path = en.lproj/InfoPlist.strings; sourceTree = "<group>"; };
		5CB46AC91968138600B66CA7 /* main.m */ = {isa = PBXFileReference; lastKnownFileType = sourcecode.c.objc; path = main.m; sourceTree = "<group>"; };
		5CB46ACB1968138600B66CA7 /* SmartShopperHackathon-Prefix.pch */ = {isa = PBXFileReference; lastKnownFileType = sourcecode.c.h; path = "SmartShopperHackathon-Prefix.pch"; sourceTree = "<group>"; };
		5CB46ACC1968138600B66CA7 /* AppDelegate.h */ = {isa = PBXFileReference; lastKnownFileType = sourcecode.c.h; path = AppDelegate.h; sourceTree = "<group>"; };
		5CB46ACD1968138600B66CA7 /* AppDelegate.m */ = {isa = PBXFileReference; lastKnownFileType = sourcecode.c.objc; path = AppDelegate.m; sourceTree = "<group>"; };
		5CB46AD01968138600B66CA7 /* Base */ = {isa = PBXFileReference; lastKnownFileType = file.storyboard; name = Base; path = Base.lproj/Main.storyboard; sourceTree = "<group>"; };
		5CB46AD21968138600B66CA7 /* ViewController.h */ = {isa = PBXFileReference; lastKnownFileType = sourcecode.c.h; path = ViewController.h; sourceTree = "<group>"; };
		5CB46AD31968138600B66CA7 /* ViewController.m */ = {isa = PBXFileReference; lastKnownFileType = sourcecode.c.objc; path = ViewController.m; sourceTree = "<group>"; };
		5CB46AD51968138600B66CA7 /* Images.xcassets */ = {isa = PBXFileReference; lastKnownFileType = folder.assetcatalog; path = Images.xcassets; sourceTree = "<group>"; };
		5CB46ADC1968138600B66CA7 /* XCTest.framework */ = {isa = PBXFileReference; lastKnownFileType = wrapper.framework; name = XCTest.framework; path = Library/Frameworks/XCTest.framework; sourceTree = DEVELOPER_DIR; };
		5CB46B0D19681C9F00B66CA7 /* LoginScreenViewController.h */ = {isa = PBXFileReference; fileEncoding = 4; lastKnownFileType = sourcecode.c.h; path = LoginScreenViewController.h; sourceTree = SOURCE_ROOT; };
		5CB46B0E19681C9F00B66CA7 /* LoginScreenViewController.m */ = {isa = PBXFileReference; fileEncoding = 4; lastKnownFileType = sourcecode.c.objc; path = LoginScreenViewController.m; sourceTree = SOURCE_ROOT; };
		5CB46B2919682B3300B66CA7 /* bg@2x.png */ = {isa = PBXFileReference; lastKnownFileType = image.png; path = "bg@2x.png"; sourceTree = "<group>"; };
		5CB46B2A19682B3300B66CA7 /* login@2x.png */ = {isa = PBXFileReference; lastKnownFileType = image.png; path = "login@2x.png"; sourceTree = "<group>"; };
		5CB46B2B19682B3300B66CA7 /* splash@2x.png */ = {isa = PBXFileReference; lastKnownFileType = image.png; path = "splash@2x.png"; sourceTree = "<group>"; };
		5CB46B4519682CDC00B66CA7 /* MainViewController.h */ = {isa = PBXFileReference; fileEncoding = 4; lastKnownFileType = sourcecode.c.h; path = MainViewController.h; sourceTree = "<group>"; };
		5CB46B4619682CDC00B66CA7 /* MainViewController.m */ = {isa = PBXFileReference; fileEncoding = 4; lastKnownFileType = sourcecode.c.objc; path = MainViewController.m; sourceTree = "<group>"; };
		5CB46B491968327800B66CA7 /* fav_products@2x.png */ = {isa = PBXFileReference; lastKnownFileType = image.png; path = "fav_products@2x.png"; sourceTree = "<group>"; };
		5CB46B4A1968327800B66CA7 /* roos_connection@2x.png */ = {isa = PBXFileReference; lastKnownFileType = image.png; path = "roos_connection@2x.png"; sourceTree = "<group>"; };
		5CB46B4B1968327800B66CA7 /* roos_wishlist@2x.png */ = {isa = PBXFileReference; lastKnownFileType = image.png; path = "roos_wishlist@2x.png"; sourceTree = "<group>"; };
		5CB46B4C1968327800B66CA7 /* roos_wishlist_active@2x.png */ = {isa = PBXFileReference; lastKnownFileType = image.png; path = "roos_wishlist_active@2x.png"; sourceTree = "<group>"; };
		5CB46B4D1968327800B66CA7 /* ross_content@2x.png */ = {isa = PBXFileReference; lastKnownFileType = image.png; path = "ross_content@2x.png"; sourceTree = "<group>"; };
		5CB46B4E1968327800B66CA7 /* ross_fav@2x.png */ = {isa = PBXFileReference; lastKnownFileType = image.png; path = "ross_fav@2x.png"; sourceTree = "<group>"; };
		5CB46B4F1968327800B66CA7 /* ross_fav_store@2x.png */ = {isa = PBXFileReference; lastKnownFileType = image.png; path = "ross_fav_store@2x.png"; sourceTree = "<group>"; };
		5CB46B501968327800B66CA7 /* ross_fav_store_active@2x.png */ = {isa = PBXFileReference; lastKnownFileType = image.png; path = "ross_fav_store_active@2x.png"; sourceTree = "<group>"; };
		5CB46B511968327800B66CA7 /* ross_picture@2x.png */ = {isa = PBXFileReference; lastKnownFileType = image.png; path = "ross_picture@2x.png"; sourceTree = "<group>"; };
		5CB46B521968327800B66CA7 /* store_details.png */ = {isa = PBXFileReference; lastKnownFileType = image.png; path = store_details.png; sourceTree = "<group>"; };
		5CB46B5E196832A700B66CA7 /* back_icon@2x.png */ = {isa = PBXFileReference; lastKnownFileType = image.png; path = "back_icon@2x.png"; sourceTree = "<group>"; };
		5CB46B5F196832A700B66CA7 /* connected_accounts@2x.png */ = {isa = PBXFileReference; lastKnownFileType = image.png; path = "connected_accounts@2x.png"; sourceTree = "<group>"; };
		5CB46B60196832A700B66CA7 /* connected_accounts_active@2x.png */ = {isa = PBXFileReference; lastKnownFileType = image.png; path = "connected_accounts_active@2x.png"; sourceTree = "<group>"; };
		5CB46B61196832A700B66CA7 /* connected_people@2x.png */ = {isa = PBXFileReference; lastKnownFileType = image.png; path = "connected_people@2x.png"; sourceTree = "<group>"; };
		5CB46B62196832A700B66CA7 /* frank_image@2x.png */ = {isa = PBXFileReference; lastKnownFileType = image.png; path = "frank_image@2x.png"; sourceTree = "<group>"; };
		5CB46B63196832A700B66CA7 /* frank_profile_detail@2x.png */ = {isa = PBXFileReference; lastKnownFileType = image.png; path = "frank_profile_detail@2x.png"; sourceTree = "<group>"; };
		5CB46B64196832A700B66CA7 /* frank_wishlist@2x.png */ = {isa = PBXFileReference; lastKnownFileType = image.png; path = "frank_wishlist@2x.png"; sourceTree = "<group>"; };
		5CB46B65196832A700B66CA7 /* my_favorite@2x.png */ = {isa = PBXFileReference; lastKnownFileType = image.png; path = "my_favorite@2x.png"; sourceTree = "<group>"; };
		5CB46B66196832A700B66CA7 /* my_favorite_store@2x.png */ = {isa = PBXFileReference; lastKnownFileType = image.png; path = "my_favorite_store@2x.png"; sourceTree = "<group>"; };
		5CB46B68196832A700B66CA7 /* off_bg.png */ = {isa = PBXFileReference; lastKnownFileType = image.png; path = off_bg.png; sourceTree = "<group>"; };
		5CB46B69196832A700B66CA7 /* off_bg@2x.png */ = {isa = PBXFileReference; lastKnownFileType = image.png; path = "off_bg@2x.png"; sourceTree = "<group>"; };
		5CB46B6A196832A700B66CA7 /* off_text.png */ = {isa = PBXFileReference; lastKnownFileType = image.png; path = off_text.png; sourceTree = "<group>"; };
		5CB46B6B196832A700B66CA7 /* off_text@2x.png */ = {isa = PBXFileReference; lastKnownFileType = image.png; path = "off_text@2x.png"; sourceTree = "<group>"; };
		5CB46B6C196832A700B66CA7 /* on_bg.png */ = {isa = PBXFileReference; lastKnownFileType = image.png; path = on_bg.png; sourceTree = "<group>"; };
		5CB46B6D196832A700B66CA7 /* on_bg@2x.png */ = {isa = PBXFileReference; lastKnownFileType = image.png; path = "on_bg@2x.png"; sourceTree = "<group>"; };
		5CB46B6E196832A700B66CA7 /* on_text.png */ = {isa = PBXFileReference; lastKnownFileType = image.png; path = on_text.png; sourceTree = "<group>"; };
		5CB46B6F196832A700B66CA7 /* on_text@2x.png */ = {isa = PBXFileReference; lastKnownFileType = image.png; path = "on_text@2x.png"; sourceTree = "<group>"; };
		5CB46B70196832A700B66CA7 /* toggle_knob_off.png */ = {isa = PBXFileReference; lastKnownFileType = image.png; path = toggle_knob_off.png; sourceTree = "<group>"; };
		5CB46B71196832A700B66CA7 /* toggle_knob_off@2x.png */ = {isa = PBXFileReference; lastKnownFileType = image.png; path = "toggle_knob_off@2x.png"; sourceTree = "<group>"; };
		5CB46B72196832A700B66CA7 /* toggle_knob_on.png */ = {isa = PBXFileReference; lastKnownFileType = image.png; path = toggle_knob_on.png; sourceTree = "<group>"; };
		5CB46B73196832A700B66CA7 /* toggle_knob_on@2x.png */ = {isa = PBXFileReference; lastKnownFileType = image.png; path = "toggle_knob_on@2x.png"; sourceTree = "<group>"; };
		5CB46B74196832A700B66CA7 /* toggle_off.png */ = {isa = PBXFileReference; lastKnownFileType = image.png; path = toggle_off.png; sourceTree = "<group>"; };
		5CB46B75196832A700B66CA7 /* toggle_off@2x.png */ = {isa = PBXFileReference; lastKnownFileType = image.png; path = "toggle_off@2x.png"; sourceTree = "<group>"; };
		5CB46B76196832A700B66CA7 /* toggle_on.png */ = {isa = PBXFileReference; lastKnownFileType = image.png; path = toggle_on.png; sourceTree = "<group>"; };
		5CB46B77196832A700B66CA7 /* toggle_on@2x.png */ = {isa = PBXFileReference; lastKnownFileType = image.png; path = "toggle_on@2x.png"; sourceTree = "<group>"; };
		CFC22AE81968512F00A06C3A /* acknowledgments.md */ = {isa = PBXFileReference; fileEncoding = 4; lastKnownFileType = text; path = acknowledgments.md; sourceTree = "<group>"; };
		CFC22AE91968512F00A06C3A /* CardIO.h */ = {isa = PBXFileReference; fileEncoding = 4; lastKnownFileType = sourcecode.c.h; path = CardIO.h; sourceTree = "<group>"; };
		CFC22AEA1968512F00A06C3A /* CardIOCreditCardInfo.h */ = {isa = PBXFileReference; fileEncoding = 4; lastKnownFileType = sourcecode.c.h; path = CardIOCreditCardInfo.h; sourceTree = "<group>"; };
		CFC22AEB1968512F00A06C3A /* CardIOPaymentViewController.h */ = {isa = PBXFileReference; fileEncoding = 4; lastKnownFileType = sourcecode.c.h; path = CardIOPaymentViewController.h; sourceTree = "<group>"; };
		CFC22AEC1968512F00A06C3A /* CardIOPaymentViewControllerDelegate.h */ = {isa = PBXFileReference; fileEncoding = 4; lastKnownFileType = sourcecode.c.h; path = CardIOPaymentViewControllerDelegate.h; sourceTree = "<group>"; };
		CFC22AED1968512F00A06C3A /* CardIOView.h */ = {isa = PBXFileReference; fileEncoding = 4; lastKnownFileType = sourcecode.c.h; path = CardIOView.h; sourceTree = "<group>"; };
		CFC22AEE1968512F00A06C3A /* CardIOViewDelegate.h */ = {isa = PBXFileReference; fileEncoding = 4; lastKnownFileType = sourcecode.c.h; path = CardIOViewDelegate.h; sourceTree = "<group>"; };
		CFC22AEF1968512F00A06C3A /* libCardIO.a */ = {isa = PBXFileReference; lastKnownFileType = archive.ar; path = libCardIO.a; sourceTree = "<group>"; };
		CFC22AF01968512F00A06C3A /* LICENSE.md */ = {isa = PBXFileReference; fileEncoding = 4; lastKnownFileType = text; path = LICENSE.md; sourceTree = "<group>"; };
		CFC22AF21968512F00A06C3A /* libPayPalMPL.a */ = {isa = PBXFileReference; lastKnownFileType = archive.ar; path = libPayPalMPL.a; sourceTree = "<group>"; };
		CFC22AF31968512F00A06C3A /* PayPal.h */ = {isa = PBXFileReference; fileEncoding = 4; lastKnownFileType = sourcecode.c.h; path = PayPal.h; sourceTree = "<group>"; };
		CFC22AF41968512F00A06C3A /* PayPalAddress.h */ = {isa = PBXFileReference; fileEncoding = 4; lastKnownFileType = sourcecode.c.h; path = PayPalAddress.h; sourceTree = "<group>"; };
		CFC22AF51968512F00A06C3A /* PayPalAdvancedPayment.h */ = {isa = PBXFileReference; fileEncoding = 4; lastKnownFileType = sourcecode.c.h; path = PayPalAdvancedPayment.h; sourceTree = "<group>"; };
		CFC22AF61968512F00A06C3A /* PayPalAmounts.h */ = {isa = PBXFileReference; fileEncoding = 4; lastKnownFileType = sourcecode.c.h; path = PayPalAmounts.h; sourceTree = "<group>"; };
		CFC22AF71968512F00A06C3A /* PayPalInvoiceData.h */ = {isa = PBXFileReference; fileEncoding = 4; lastKnownFileType = sourcecode.c.h; path = PayPalInvoiceData.h; sourceTree = "<group>"; };
		CFC22AF81968512F00A06C3A /* PayPalInvoiceItem.h */ = {isa = PBXFileReference; fileEncoding = 4; lastKnownFileType = sourcecode.c.h; path = PayPalInvoiceItem.h; sourceTree = "<group>"; };
		CFC22AF91968512F00A06C3A /* PayPalPayment.h */ = {isa = PBXFileReference; fileEncoding = 4; lastKnownFileType = sourcecode.c.h; path = PayPalPayment.h; sourceTree = "<group>"; };
		CFC22AFA1968512F00A06C3A /* PayPalPreapprovalDetails.h */ = {isa = PBXFileReference; fileEncoding = 4; lastKnownFileType = sourcecode.c.h; path = PayPalPreapprovalDetails.h; sourceTree = "<group>"; };
		CFC22AFB1968512F00A06C3A /* PayPalReceiverAmounts.h */ = {isa = PBXFileReference; fileEncoding = 4; lastKnownFileType = sourcecode.c.h; path = PayPalReceiverAmounts.h; sourceTree = "<group>"; };
		CFC22AFC1968512F00A06C3A /* PayPalReceiverPaymentDetails.h */ = {isa = PBXFileReference; fileEncoding = 4; lastKnownFileType = sourcecode.c.h; path = PayPalReceiverPaymentDetails.h; sourceTree = "<group>"; };
		CFC22AFE1968512F00A06C3A /* LICENSE.txt */ = {isa = PBXFileReference; fileEncoding = 4; lastKnownFileType = text; path = LICENSE.txt; sourceTree = "<group>"; };
		CFC22AFF1968512F00A06C3A /* SVProgressHUD-Prefix.pch */ = {isa = PBXFileReference; fileEncoding = 4; lastKnownFileType = sourcecode.c.h; path = "SVProgressHUD-Prefix.pch"; sourceTree = "<group>"; };
		CFC22B001968512F00A06C3A /* SVProgressHUD.bundle */ = {isa = PBXFileReference; lastKnownFileType = "wrapper.plug-in"; path = SVProgressHUD.bundle; sourceTree = "<group>"; };
		CFC22B011968512F00A06C3A /* SVProgressHUD.h */ = {isa = PBXFileReference; fileEncoding = 4; lastKnownFileType = sourcecode.c.h; path = SVProgressHUD.h; sourceTree = "<group>"; };
		CFC22B021968512F00A06C3A /* SVProgressHUD.m */ = {isa = PBXFileReference; fileEncoding = 4; lastKnownFileType = sourcecode.c.objc; path = SVProgressHUD.m; sourceTree = "<group>"; };
		CFC22B041968512F00A06C3A /* LICENSE.txt */ = {isa = PBXFileReference; fileEncoding = 4; lastKnownFileType = text; path = LICENSE.txt; sourceTree = "<group>"; };
		CFC22B051968512F00A06C3A /* TPKeyboardAvoidingCollectionView.h */ = {isa = PBXFileReference; fileEncoding = 4; lastKnownFileType = sourcecode.c.h; path = TPKeyboardAvoidingCollectionView.h; sourceTree = "<group>"; };
		CFC22B061968512F00A06C3A /* TPKeyboardAvoidingCollectionView.m */ = {isa = PBXFileReference; fileEncoding = 4; lastKnownFileType = sourcecode.c.objc; path = TPKeyboardAvoidingCollectionView.m; sourceTree = "<group>"; };
		CFC22B071968512F00A06C3A /* TPKeyboardAvoidingScrollView.h */ = {isa = PBXFileReference; fileEncoding = 4; lastKnownFileType = sourcecode.c.h; path = TPKeyboardAvoidingScrollView.h; sourceTree = "<group>"; };
		CFC22B081968512F00A06C3A /* TPKeyboardAvoidingScrollView.m */ = {isa = PBXFileReference; fileEncoding = 4; lastKnownFileType = sourcecode.c.objc; path = TPKeyboardAvoidingScrollView.m; sourceTree = "<group>"; };
		CFC22B091968512F00A06C3A /* TPKeyboardAvoidingTableView.h */ = {isa = PBXFileReference; fileEncoding = 4; lastKnownFileType = sourcecode.c.h; path = TPKeyboardAvoidingTableView.h; sourceTree = "<group>"; };
		CFC22B0A1968512F00A06C3A /* TPKeyboardAvoidingTableView.m */ = {isa = PBXFileReference; fileEncoding = 4; lastKnownFileType = sourcecode.c.objc; path = TPKeyboardAvoidingTableView.m; sourceTree = "<group>"; };
		CFC22B0B1968512F00A06C3A /* UIScrollView+TPKeyboardAvoidingAdditions.h */ = {isa = PBXFileReference; fileEncoding = 4; lastKnownFileType = sourcecode.c.h; path = "UIScrollView+TPKeyboardAvoidingAdditions.h"; sourceTree = "<group>"; };
		CFC22B0C1968512F00A06C3A /* UIScrollView+TPKeyboardAvoidingAdditions.m */ = {isa = PBXFileReference; fileEncoding = 4; lastKnownFileType = sourcecode.c.objc; path = "UIScrollView+TPKeyboardAvoidingAdditions.m"; sourceTree = "<group>"; };
		CFC22B191968538800A06C3A /* AVFoundation.framework */ = {isa = PBXFileReference; lastKnownFileType = wrapper.framework; name = AVFoundation.framework; path = System/Library/Frameworks/AVFoundation.framework; sourceTree = SDKROOT; };
		CFC22B1B1968539700A06C3A /* QuartzCore.framework */ = {isa = PBXFileReference; lastKnownFileType = wrapper.framework; name = QuartzCore.framework; path = System/Library/Frameworks/QuartzCore.framework; sourceTree = SDKROOT; };
		CFC22B1D196853A600A06C3A /* Security.framework */ = {isa = PBXFileReference; lastKnownFileType = wrapper.framework; name = Security.framework; path = System/Library/Frameworks/Security.framework; sourceTree = SDKROOT; };
		CFC22B1F196853CA00A06C3A /* AddressBook.framework */ = {isa = PBXFileReference; lastKnownFileType = wrapper.framework; name = AddressBook.framework; path = System/Library/Frameworks/AddressBook.framework; sourceTree = SDKROOT; };
		CFC22B20196853CA00A06C3A /* AddressBookUI.framework */ = {isa = PBXFileReference; lastKnownFileType = wrapper.framework; name = AddressBookUI.framework; path = System/Library/Frameworks/AddressBookUI.framework; sourceTree = SDKROOT; };
		CFC22B23196853FE00A06C3A /* libxml2.2.dylib */ = {isa = PBXFileReference; lastKnownFileType = "compiled.mach-o.dylib"; name = libxml2.2.dylib; path = usr/lib/libxml2.2.dylib; sourceTree = SDKROOT; };
		CFC22B251968541000A06C3A /* libz.dylib */ = {isa = PBXFileReference; lastKnownFileType = "compiled.mach-o.dylib"; name = libz.dylib; path = usr/lib/libz.dylib; sourceTree = SDKROOT; };
		CFC22B291968557600A06C3A /* MyOrder.bundle */ = {isa = PBXFileReference; lastKnownFileType = "wrapper.plug-in"; path = MyOrder.bundle; sourceTree = "<group>"; };
		CFC22B2B196858D900A06C3A /* MyOrder.framework */ = {isa = PBXFileReference; lastKnownFileType = wrapper.framework; path = MyOrder.framework; sourceTree = "<group>"; };
		F562629D196844E9002A2616 /* BaseViewController.h */ = {isa = PBXFileReference; fileEncoding = 4; lastKnownFileType = sourcecode.c.h; path = BaseViewController.h; sourceTree = "<group>"; };
		F562629E196844E9002A2616 /* BaseViewController.m */ = {isa = PBXFileReference; fileEncoding = 4; lastKnownFileType = sourcecode.c.objc; path = BaseViewController.m; sourceTree = "<group>"; };
		F562629F196844E9002A2616 /* GeoLocationManager.h */ = {isa = PBXFileReference; fileEncoding = 4; lastKnownFileType = sourcecode.c.h; path = GeoLocationManager.h; sourceTree = "<group>"; };
		F56262A0196844E9002A2616 /* GeoLocationManager.m */ = {isa = PBXFileReference; fileEncoding = 4; lastKnownFileType = sourcecode.c.objc; path = GeoLocationManager.m; sourceTree = "<group>"; };
		F56262A1196844E9002A2616 /* MyConstants.h */ = {isa = PBXFileReference; fileEncoding = 4; lastKnownFileType = sourcecode.c.h; path = MyConstants.h; sourceTree = "<group>"; };
/* End PBXFileReference section */

/* Begin PBXFrameworksBuildPhase section */
		5CB46AB71968138600B66CA7 /* Frameworks */ = {
			isa = PBXFrameworksBuildPhase;
			buildActionMask = 2147483647;
			files = (
				CFC22B2C196858D900A06C3A /* MyOrder.framework in Frameworks */,
				CFC22B24196853FE00A06C3A /* libxml2.2.dylib in Frameworks */,
				CFC22B261968541000A06C3A /* libz.dylib in Frameworks */,
				CFC22B1A1968538800A06C3A /* AVFoundation.framework in Frameworks */,
				CFC22B1C1968539800A06C3A /* QuartzCore.framework in Frameworks */,
				CFC22B21196853CA00A06C3A /* AddressBook.framework in Frameworks */,
				CFC22B22196853CA00A06C3A /* AddressBookUI.framework in Frameworks */,
				CFC22B1E196853A600A06C3A /* Security.framework in Frameworks */,
				5CB46ABE1968138600B66CA7 /* Foundation.framework in Frameworks */,
				CFC22B101968512F00A06C3A /* libPayPalMPL.a in Frameworks */,
				CFC22B0E1968512F00A06C3A /* libCardIO.a in Frameworks */,
				5CB46AC21968138600B66CA7 /* UIKit.framework in Frameworks */,
				5CB46AC01968138600B66CA7 /* CoreGraphics.framework in Frameworks */,
			);
			runOnlyForDeploymentPostprocessing = 0;
		};
/* End PBXFrameworksBuildPhase section */

/* Begin PBXGroup section */
		5CB46AB11968138600B66CA7 = {
			isa = PBXGroup;
			children = (
				CFC22B2B196858D900A06C3A /* MyOrder.framework */,
				CFC22B291968557600A06C3A /* MyOrder.bundle */,
				CFC22AE61968512F00A06C3A /* external */,
				5CB46AC31968138600B66CA7 /* SmartShopperHackathon */,
				5CB46ABC1968138600B66CA7 /* Frameworks */,
				5CB46ABB1968138600B66CA7 /* Products */,
			);
			sourceTree = "<group>";
		};
		5CB46ABB1968138600B66CA7 /* Products */ = {
			isa = PBXGroup;
			children = (
				5CB46ABA1968138600B66CA7 /* SmartShopperHackathon.app */,
			);
			name = Products;
			sourceTree = "<group>";
		};
		5CB46ABC1968138600B66CA7 /* Frameworks */ = {
			isa = PBXGroup;
			children = (
				CFC22B251968541000A06C3A /* libz.dylib */,
				CFC22B23196853FE00A06C3A /* libxml2.2.dylib */,
				CFC22B1F196853CA00A06C3A /* AddressBook.framework */,
				CFC22B20196853CA00A06C3A /* AddressBookUI.framework */,
				CFC22B1D196853A600A06C3A /* Security.framework */,
				CFC22B1B1968539700A06C3A /* QuartzCore.framework */,
				CFC22B191968538800A06C3A /* AVFoundation.framework */,
				5CB46ABD1968138600B66CA7 /* Foundation.framework */,
				5CB46ABF1968138600B66CA7 /* CoreGraphics.framework */,
				5CB46AC11968138600B66CA7 /* UIKit.framework */,
				5CB46ADC1968138600B66CA7 /* XCTest.framework */,
			);
			name = Frameworks;
			sourceTree = "<group>";
		};
		5CB46AC31968138600B66CA7 /* SmartShopperHackathon */ = {
			isa = PBXGroup;
			children = (
				F562629D196844E9002A2616 /* BaseViewController.h */,
				F562629E196844E9002A2616 /* BaseViewController.m */,
				F562629F196844E9002A2616 /* GeoLocationManager.h */,
				F56262A0196844E9002A2616 /* GeoLocationManager.m */,
				F56262A1196844E9002A2616 /* MyConstants.h */,
				5CB46ACC1968138600B66CA7 /* AppDelegate.h */,
				5CB46ACD1968138600B66CA7 /* AppDelegate.m */,
				5CB46ACF1968138600B66CA7 /* Main.storyboard */,
				5CB46B4519682CDC00B66CA7 /* MainViewController.h */,
				5CB46B4619682CDC00B66CA7 /* MainViewController.m */,
				5CB46AD21968138600B66CA7 /* ViewController.h */,
				5CB46AD31968138600B66CA7 /* ViewController.m */,
				5CB46B0D19681C9F00B66CA7 /* LoginScreenViewController.h */,
				5CB46B0E19681C9F00B66CA7 /* LoginScreenViewController.m */,
				5CB46AD51968138600B66CA7 /* Images.xcassets */,
				5CB46B1019682B3300B66CA7 /* slices */,
				5CB46AC41968138600B66CA7 /* Supporting Files */,
			);
			path = SmartShopperHackathon;
			sourceTree = "<group>";
		};
		5CB46AC41968138600B66CA7 /* Supporting Files */ = {
			isa = PBXGroup;
			children = (
				5CB46AC51968138600B66CA7 /* SmartShopperHackathon-Info.plist */,
				5CB46AC61968138600B66CA7 /* InfoPlist.strings */,
				5CB46AC91968138600B66CA7 /* main.m */,
				5CB46ACB1968138600B66CA7 /* SmartShopperHackathon-Prefix.pch */,
			);
			name = "Supporting Files";
			sourceTree = "<group>";
		};
		5CB46B1019682B3300B66CA7 /* slices */ = {
			isa = PBXGroup;
			children = (
				5CB46B5D196832A700B66CA7 /* 3. Frank Profile */,
				5CB46B481968327800B66CA7 /* Ross Profile */,
				5CB46B2919682B3300B66CA7 /* bg@2x.png */,
				5CB46B2A19682B3300B66CA7 /* login@2x.png */,
				5CB46B2B19682B3300B66CA7 /* splash@2x.png */,
			);
			path = slices;
			sourceTree = "<group>";
		};
		5CB46B481968327800B66CA7 /* Ross Profile */ = {
			isa = PBXGroup;
			children = (
				5CB46B491968327800B66CA7 /* fav_products@2x.png */,
				5CB46B4A1968327800B66CA7 /* roos_connection@2x.png */,
				5CB46B4B1968327800B66CA7 /* roos_wishlist@2x.png */,
				5CB46B4C1968327800B66CA7 /* roos_wishlist_active@2x.png */,
				5CB46B4D1968327800B66CA7 /* ross_content@2x.png */,
				5CB46B4E1968327800B66CA7 /* ross_fav@2x.png */,
				5CB46B4F1968327800B66CA7 /* ross_fav_store@2x.png */,
				5CB46B501968327800B66CA7 /* ross_fav_store_active@2x.png */,
				5CB46B511968327800B66CA7 /* ross_picture@2x.png */,
				5CB46B521968327800B66CA7 /* store_details.png */,
			);
			path = "Ross Profile";
			sourceTree = "<group>";
		};
		5CB46B5D196832A700B66CA7 /* 3. Frank Profile */ = {
			isa = PBXGroup;
			children = (
				5CB46B5E196832A700B66CA7 /* back_icon@2x.png */,
				5CB46B5F196832A700B66CA7 /* connected_accounts@2x.png */,
				5CB46B60196832A700B66CA7 /* connected_accounts_active@2x.png */,
				5CB46B61196832A700B66CA7 /* connected_people@2x.png */,
				5CB46B62196832A700B66CA7 /* frank_image@2x.png */,
				5CB46B63196832A700B66CA7 /* frank_profile_detail@2x.png */,
				5CB46B64196832A700B66CA7 /* frank_wishlist@2x.png */,
				5CB46B65196832A700B66CA7 /* my_favorite@2x.png */,
				5CB46B66196832A700B66CA7 /* my_favorite_store@2x.png */,
				5CB46B67196832A700B66CA7 /* toggle on off for frank */,
			);
			path = "3. Frank Profile";
			sourceTree = "<group>";
		};
		5CB46B67196832A700B66CA7 /* toggle on off for frank */ = {
			isa = PBXGroup;
			children = (
				5CB46B68196832A700B66CA7 /* off_bg.png */,
				5CB46B69196832A700B66CA7 /* off_bg@2x.png */,
				5CB46B6A196832A700B66CA7 /* off_text.png */,
				5CB46B6B196832A700B66CA7 /* off_text@2x.png */,
				5CB46B6C196832A700B66CA7 /* on_bg.png */,
				5CB46B6D196832A700B66CA7 /* on_bg@2x.png */,
				5CB46B6E196832A700B66CA7 /* on_text.png */,
				5CB46B6F196832A700B66CA7 /* on_text@2x.png */,
				5CB46B70196832A700B66CA7 /* toggle_knob_off.png */,
				5CB46B71196832A700B66CA7 /* toggle_knob_off@2x.png */,
				5CB46B72196832A700B66CA7 /* toggle_knob_on.png */,
				5CB46B73196832A700B66CA7 /* toggle_knob_on@2x.png */,
				5CB46B74196832A700B66CA7 /* toggle_off.png */,
				5CB46B75196832A700B66CA7 /* toggle_off@2x.png */,
				5CB46B76196832A700B66CA7 /* toggle_on.png */,
				5CB46B77196832A700B66CA7 /* toggle_on@2x.png */,
			);
			path = "toggle on off for frank";
			sourceTree = "<group>";
		};
		CFC22AE61968512F00A06C3A /* external */ = {
			isa = PBXGroup;
			children = (
				CFC22AE71968512F00A06C3A /* CardIO */,
				CFC22AF11968512F00A06C3A /* PayPalMPL */,
				CFC22AFD1968512F00A06C3A /* SVProgressHUD */,
				CFC22B031968512F00A06C3A /* TPKeyboardAvoiding */,
			);
			name = external;
			path = SmartShopperHackathon/external;
			sourceTree = "<group>";
		};
		CFC22AE71968512F00A06C3A /* CardIO */ = {
			isa = PBXGroup;
			children = (
				CFC22AE81968512F00A06C3A /* acknowledgments.md */,
				CFC22AE91968512F00A06C3A /* CardIO.h */,
				CFC22AEA1968512F00A06C3A /* CardIOCreditCardInfo.h */,
				CFC22AEB1968512F00A06C3A /* CardIOPaymentViewController.h */,
				CFC22AEC1968512F00A06C3A /* CardIOPaymentViewControllerDelegate.h */,
				CFC22AED1968512F00A06C3A /* CardIOView.h */,
				CFC22AEE1968512F00A06C3A /* CardIOViewDelegate.h */,
				CFC22AEF1968512F00A06C3A /* libCardIO.a */,
				CFC22AF01968512F00A06C3A /* LICENSE.md */,
			);
			path = CardIO;
			sourceTree = "<group>";
		};
		CFC22AF11968512F00A06C3A /* PayPalMPL */ = {
			isa = PBXGroup;
			children = (
				CFC22AF21968512F00A06C3A /* libPayPalMPL.a */,
				CFC22AF31968512F00A06C3A /* PayPal.h */,
				CFC22AF41968512F00A06C3A /* PayPalAddress.h */,
				CFC22AF51968512F00A06C3A /* PayPalAdvancedPayment.h */,
				CFC22AF61968512F00A06C3A /* PayPalAmounts.h */,
				CFC22AF71968512F00A06C3A /* PayPalInvoiceData.h */,
				CFC22AF81968512F00A06C3A /* PayPalInvoiceItem.h */,
				CFC22AF91968512F00A06C3A /* PayPalPayment.h */,
				CFC22AFA1968512F00A06C3A /* PayPalPreapprovalDetails.h */,
				CFC22AFB1968512F00A06C3A /* PayPalReceiverAmounts.h */,
				CFC22AFC1968512F00A06C3A /* PayPalReceiverPaymentDetails.h */,
			);
			path = PayPalMPL;
			sourceTree = "<group>";
		};
		CFC22AFD1968512F00A06C3A /* SVProgressHUD */ = {
			isa = PBXGroup;
			children = (
				CFC22AFE1968512F00A06C3A /* LICENSE.txt */,
				CFC22AFF1968512F00A06C3A /* SVProgressHUD-Prefix.pch */,
				CFC22B001968512F00A06C3A /* SVProgressHUD.bundle */,
				CFC22B011968512F00A06C3A /* SVProgressHUD.h */,
				CFC22B021968512F00A06C3A /* SVProgressHUD.m */,
			);
			path = SVProgressHUD;
			sourceTree = "<group>";
		};
		CFC22B031968512F00A06C3A /* TPKeyboardAvoiding */ = {
			isa = PBXGroup;
			children = (
				CFC22B041968512F00A06C3A /* LICENSE.txt */,
				CFC22B051968512F00A06C3A /* TPKeyboardAvoidingCollectionView.h */,
				CFC22B061968512F00A06C3A /* TPKeyboardAvoidingCollectionView.m */,
				CFC22B071968512F00A06C3A /* TPKeyboardAvoidingScrollView.h */,
				CFC22B081968512F00A06C3A /* TPKeyboardAvoidingScrollView.m */,
				CFC22B091968512F00A06C3A /* TPKeyboardAvoidingTableView.h */,
				CFC22B0A1968512F00A06C3A /* TPKeyboardAvoidingTableView.m */,
				CFC22B0B1968512F00A06C3A /* UIScrollView+TPKeyboardAvoidingAdditions.h */,
				CFC22B0C1968512F00A06C3A /* UIScrollView+TPKeyboardAvoidingAdditions.m */,
			);
			path = TPKeyboardAvoiding;
			sourceTree = "<group>";
		};
/* End PBXGroup section */

/* Begin PBXNativeTarget section */
		5CB46AB91968138600B66CA7 /* SmartShopperHackathon */ = {
			isa = PBXNativeTarget;
			buildConfigurationList = 5CB46AEC1968138600B66CA7 /* Build configuration list for PBXNativeTarget "SmartShopperHackathon" */;
			buildPhases = (
				5CB46AB61968138600B66CA7 /* Sources */,
				5CB46AB71968138600B66CA7 /* Frameworks */,
				5CB46AB81968138600B66CA7 /* Resources */,
			);
			buildRules = (
			);
			dependencies = (
			);
			name = SmartShopperHackathon;
			productName = SmartShopperHackathon;
			productReference = 5CB46ABA1968138600B66CA7 /* SmartShopperHackathon.app */;
			productType = "com.apple.product-type.application";
		};
/* End PBXNativeTarget section */

/* Begin PBXProject section */
		5CB46AB21968138600B66CA7 /* Project object */ = {
			isa = PBXProject;
			attributes = {
				LastUpgradeCheck = 0510;
				ORGANIZATIONNAME = sap;
			};
			buildConfigurationList = 5CB46AB51968138600B66CA7 /* Build configuration list for PBXProject "SmartShopperHackathon" */;
			compatibilityVersion = "Xcode 3.2";
			developmentRegion = English;
			hasScannedForEncodings = 0;
			knownRegions = (
				en,
				Base,
			);
			mainGroup = 5CB46AB11968138600B66CA7;
			productRefGroup = 5CB46ABB1968138600B66CA7 /* Products */;
			projectDirPath = "";
			projectRoot = "";
			targets = (
				5CB46AB91968138600B66CA7 /* SmartShopperHackathon */,
			);
		};
/* End PBXProject section */

/* Begin PBXResourcesBuildPhase section */
		5CB46AB81968138600B66CA7 /* Resources */ = {
			isa = PBXResourcesBuildPhase;
			buildActionMask = 2147483647;
			files = (
				CFC22B111968512F00A06C3A /* LICENSE.txt in Resources */,
				5CB46B8B196832A800B66CA7 /* toggle_knob_on.png in Resources */,
				5CB46B5A1968327800B66CA7 /* ross_fav_store_active@2x.png in Resources */,
				5CB46B85196832A800B66CA7 /* on_bg.png in Resources */,
				5CB46AD61968138600B66CA7 /* Images.xcassets in Resources */,
				5CB46B571968327800B66CA7 /* ross_content@2x.png in Resources */,
				5CB46B7B196832A800B66CA7 /* connected_people@2x.png in Resources */,
				5CB46B7F196832A800B66CA7 /* my_favorite@2x.png in Resources */,
				5CB46B88196832A800B66CA7 /* on_text@2x.png in Resources */,
				5CB46B581968327800B66CA7 /* ross_fav@2x.png in Resources */,
				CFC22B121968512F00A06C3A /* SVProgressHUD.bundle in Resources */,
				5CB46B86196832A800B66CA7 /* on_bg@2x.png in Resources */,
				5CB46B83196832A800B66CA7 /* off_text.png in Resources */,
				5CB46B551968327800B66CA7 /* roos_wishlist@2x.png in Resources */,
				5CB46B561968327800B66CA7 /* roos_wishlist_active@2x.png in Resources */,
				5CB46B541968327800B66CA7 /* roos_connection@2x.png in Resources */,
				CFC22B141968512F00A06C3A /* LICENSE.txt in Resources */,
				CFC22B2A1968557600A06C3A /* MyOrder.bundle in Resources */,
				5CB46B7A196832A800B66CA7 /* connected_accounts_active@2x.png in Resources */,
				5CB46B5B1968327800B66CA7 /* ross_picture@2x.png in Resources */,
				5CB46B7E196832A800B66CA7 /* frank_wishlist@2x.png in Resources */,
				CFC22B0D1968512F00A06C3A /* acknowledgments.md in Resources */,
				5CB46B4319682B3300B66CA7 /* login@2x.png in Resources */,
				5CB46B531968327800B66CA7 /* fav_products@2x.png in Resources */,
				5CB46B81196832A800B66CA7 /* off_bg.png in Resources */,
				5CB46B78196832A800B66CA7 /* back_icon@2x.png in Resources */,
				5CB46B8E196832A800B66CA7 /* toggle_off@2x.png in Resources */,
				5CB46B8F196832A800B66CA7 /* toggle_on.png in Resources */,
				5CB46B4419682B3300B66CA7 /* splash@2x.png in Resources */,
				5CB46B90196832A800B66CA7 /* toggle_on@2x.png in Resources */,
				5CB46B8A196832A800B66CA7 /* toggle_knob_off@2x.png in Resources */,
				5CB46B89196832A800B66CA7 /* toggle_knob_off.png in Resources */,
				5CB46AC81968138600B66CA7 /* InfoPlist.strings in Resources */,
				5CB46B591968327800B66CA7 /* ross_fav_store@2x.png in Resources */,
				5CB46B7D196832A800B66CA7 /* frank_profile_detail@2x.png in Resources */,
				5CB46B79196832A800B66CA7 /* connected_accounts@2x.png in Resources */,
				CFC22B0F1968512F00A06C3A /* LICENSE.md in Resources */,
				5CB46B82196832A800B66CA7 /* off_bg@2x.png in Resources */,
				5CB46B5C1968327800B66CA7 /* store_details.png in Resources */,
				5CB46B8C196832A800B66CA7 /* toggle_knob_on@2x.png in Resources */,
				5CB46B7C196832A800B66CA7 /* frank_image@2x.png in Resources */,
				5CB46B80196832A800B66CA7 /* my_favorite_store@2x.png in Resources */,
				5CB46B8D196832A800B66CA7 /* toggle_off.png in Resources */,
				5CB46B4219682B3300B66CA7 /* bg@2x.png in Resources */,
				5CB46B84196832A800B66CA7 /* off_text@2x.png in Resources */,
				5CB46AD11968138600B66CA7 /* Main.storyboard in Resources */,
				5CB46B87196832A800B66CA7 /* on_text.png in Resources */,
			);
			runOnlyForDeploymentPostprocessing = 0;
		};
/* End PBXResourcesBuildPhase section */

/* Begin PBXSourcesBuildPhase section */
		5CB46AB61968138600B66CA7 /* Sources */ = {
			isa = PBXSourcesBuildPhase;
			buildActionMask = 2147483647;
			files = (
				5CB46AD41968138600B66CA7 /* ViewController.m in Sources */,
				CFC22B181968512F00A06C3A /* UIScrollView+TPKeyboardAvoidingAdditions.m in Sources */,
				CFC22B161968512F00A06C3A /* TPKeyboardAvoidingScrollView.m in Sources */,
				CFC22B151968512F00A06C3A /* TPKeyboardAvoidingCollectionView.m in Sources */,
				CFC22B131968512F00A06C3A /* SVProgressHUD.m in Sources */,
				F56262A2196844E9002A2616 /* BaseViewController.m in Sources */,
				5CB46ACE1968138600B66CA7 /* AppDelegate.m in Sources */,
				5CB46B0F19681C9F00B66CA7 /* LoginScreenViewController.m in Sources */,
				5CB46B4719682CDC00B66CA7 /* MainViewController.m in Sources */,
				CFC22B171968512F00A06C3A /* TPKeyboardAvoidingTableView.m in Sources */,
				F56262A3196844E9002A2616 /* GeoLocationManager.m in Sources */,
				5CB46ACA1968138600B66CA7 /* main.m in Sources */,
			);
			runOnlyForDeploymentPostprocessing = 0;
		};
/* End PBXSourcesBuildPhase section */

/* Begin PBXVariantGroup section */
		5CB46AC61968138600B66CA7 /* InfoPlist.strings */ = {
			isa = PBXVariantGroup;
			children = (
				5CB46AC71968138600B66CA7 /* en */,
			);
			name = InfoPlist.strings;
			sourceTree = "<group>";
		};
		5CB46ACF1968138600B66CA7 /* Main.storyboard */ = {
			isa = PBXVariantGroup;
			children = (
				5CB46AD01968138600B66CA7 /* Base */,
			);
			name = Main.storyboard;
			sourceTree = "<group>";
		};
/* End PBXVariantGroup section */

/* Begin XCBuildConfiguration section */
		5CB46AEA1968138600B66CA7 /* Debug */ = {
			isa = XCBuildConfiguration;
			buildSettings = {
				ALWAYS_SEARCH_USER_PATHS = NO;
				CLANG_CXX_LANGUAGE_STANDARD = "gnu++0x";
				CLANG_CXX_LIBRARY = "libc++";
				CLANG_ENABLE_MODULES = YES;
				CLANG_ENABLE_OBJC_ARC = YES;
				CLANG_WARN_BOOL_CONVERSION = YES;
				CLANG_WARN_CONSTANT_CONVERSION = YES;
				CLANG_WARN_DIRECT_OBJC_ISA_USAGE = YES_ERROR;
				CLANG_WARN_EMPTY_BODY = YES;
				CLANG_WARN_ENUM_CONVERSION = YES;
				CLANG_WARN_INT_CONVERSION = YES;
				CLANG_WARN_OBJC_ROOT_CLASS = YES_ERROR;
				CLANG_WARN__DUPLICATE_METHOD_MATCH = YES;
				"CODE_SIGN_IDENTITY[sdk=iphoneos*]" = "iPhone Developer";
				COPY_PHASE_STRIP = NO;
				GCC_C_LANGUAGE_STANDARD = gnu99;
				GCC_DYNAMIC_NO_PIC = NO;
				GCC_OPTIMIZATION_LEVEL = 0;
				GCC_PREPROCESSOR_DEFINITIONS = (
					"DEBUG=1",
					"$(inherited)",
				);
				GCC_SYMBOLS_PRIVATE_EXTERN = NO;
				GCC_WARN_64_TO_32_BIT_CONVERSION = YES;
				GCC_WARN_ABOUT_RETURN_TYPE = YES_ERROR;
				GCC_WARN_UNDECLARED_SELECTOR = YES;
				GCC_WARN_UNINITIALIZED_AUTOS = YES_AGGRESSIVE;
				GCC_WARN_UNUSED_FUNCTION = YES;
				GCC_WARN_UNUSED_VARIABLE = YES;
				IPHONEOS_DEPLOYMENT_TARGET = 7.1;
				ONLY_ACTIVE_ARCH = YES;
				SDKROOT = iphoneos;
			};
			name = Debug;
		};
		5CB46AEB1968138600B66CA7 /* Release */ = {
			isa = XCBuildConfiguration;
			buildSettings = {
				ALWAYS_SEARCH_USER_PATHS = NO;
				CLANG_CXX_LANGUAGE_STANDARD = "gnu++0x";
				CLANG_CXX_LIBRARY = "libc++";
				CLANG_ENABLE_MODULES = YES;
				CLANG_ENABLE_OBJC_ARC = YES;
				CLANG_WARN_BOOL_CONVERSION = YES;
				CLANG_WARN_CONSTANT_CONVERSION = YES;
				CLANG_WARN_DIRECT_OBJC_ISA_USAGE = YES_ERROR;
				CLANG_WARN_EMPTY_BODY = YES;
				CLANG_WARN_ENUM_CONVERSION = YES;
				CLANG_WARN_INT_CONVERSION = YES;
				CLANG_WARN_OBJC_ROOT_CLASS = YES_ERROR;
				CLANG_WARN__DUPLICATE_METHOD_MATCH = YES;
				"CODE_SIGN_IDENTITY[sdk=iphoneos*]" = "iPhone Developer";
				COPY_PHASE_STRIP = YES;
				ENABLE_NS_ASSERTIONS = NO;
				GCC_C_LANGUAGE_STANDARD = gnu99;
				GCC_WARN_64_TO_32_BIT_CONVERSION = YES;
				GCC_WARN_ABOUT_RETURN_TYPE = YES_ERROR;
				GCC_WARN_UNDECLARED_SELECTOR = YES;
				GCC_WARN_UNINITIALIZED_AUTOS = YES_AGGRESSIVE;
				GCC_WARN_UNUSED_FUNCTION = YES;
				GCC_WARN_UNUSED_VARIABLE = YES;
				IPHONEOS_DEPLOYMENT_TARGET = 7.1;
				SDKROOT = iphoneos;
				VALIDATE_PRODUCT = YES;
			};
			name = Release;
		};
		5CB46AED1968138600B66CA7 /* Debug */ = {
			isa = XCBuildConfiguration;
			buildSettings = {
				ASSETCATALOG_COMPILER_APPICON_NAME = AppIcon;
				ASSETCATALOG_COMPILER_LAUNCHIMAGE_NAME = LaunchImage;
				FRAMEWORK_SEARCH_PATHS = (
					"$(inherited)",
					"$(PROJECT_DIR)",
				);
				GCC_PRECOMPILE_PREFIX_HEADER = YES;
				GCC_PREFIX_HEADER = "SmartShopperHackathon/SmartShopperHackathon-Prefix.pch";
				HEADER_SEARCH_PATHS = (
					"$(inherited)",
					/Applications/Xcode.app/Contents/Developer/Toolchains/XcodeDefault.xctoolchain/usr/include,
					"\"${SRCROOT}/MyOrder.framework\"",
				);
				"HEADER_SEARCH_PATHS[arch=*]" = (
					"$(inherited)",
					/Applications/Xcode.app/Contents/Developer/Toolchains/XcodeDefault.xctoolchain/usr/include,
				);
				INFOPLIST_FILE = "SmartShopperHackathon/SmartShopperHackathon-Info.plist";
				LIBRARY_SEARCH_PATHS = (
					"$(inherited)",
					"$(PROJECT_DIR)/SmartShopperHackathon/external/CardIO",
					"$(PROJECT_DIR)/SmartShopperHackathon/external/PayPalMPL",
				);
				OTHER_LDFLAGS = (
					"-lc++",
					"-lPayPalMPL",
					"-ObjC",
				);
				PRODUCT_NAME = "$(TARGET_NAME)";
				WRAPPER_EXTENSION = app;
			};
			name = Debug;
		};
		5CB46AEE1968138600B66CA7 /* Release */ = {
			isa = XCBuildConfiguration;
			buildSettings = {
				ASSETCATALOG_COMPILER_APPICON_NAME = AppIcon;
				ASSETCATALOG_COMPILER_LAUNCHIMAGE_NAME = LaunchImage;
				FRAMEWORK_SEARCH_PATHS = (
					"$(inherited)",
					"$(PROJECT_DIR)",
				);
				GCC_PRECOMPILE_PREFIX_HEADER = YES;
				GCC_PREFIX_HEADER = "SmartShopperHackathon/SmartShopperHackathon-Prefix.pch";
				HEADER_SEARCH_PATHS = (
					"$(inherited)",
					/Applications/Xcode.app/Contents/Developer/Toolchains/XcodeDefault.xctoolchain/usr/include,
					"\"${SRCROOT}/MyOrder.framework\"",
				);
				INFOPLIST_FILE = "SmartShopperHackathon/SmartShopperHackathon-Info.plist";
				LIBRARY_SEARCH_PATHS = (
					"$(inherited)",
					"$(PROJECT_DIR)/SmartShopperHackathon/external/CardIO",
					"$(PROJECT_DIR)/SmartShopperHackathon/external/PayPalMPL",
				);
				OTHER_LDFLAGS = (
					"-lc++",
					"-lPayPalMPL",
					"-ObjC",
				);
				PRODUCT_NAME = "$(TARGET_NAME)";
				WRAPPER_EXTENSION = app;
			};
			name = Release;
		};
/* End XCBuildConfiguration section */

/* Begin XCConfigurationList section */
		5CB46AB51968138600B66CA7 /* Build configuration list for PBXProject "SmartShopperHackathon" */ = {
			isa = XCConfigurationList;
			buildConfigurations = (
				5CB46AEA1968138600B66CA7 /* Debug */,
				5CB46AEB1968138600B66CA7 /* Release */,
			);
			defaultConfigurationIsVisible = 0;
			defaultConfigurationName = Release;
		};
		5CB46AEC1968138600B66CA7 /* Build configuration list for PBXNativeTarget "SmartShopperHackathon" */ = {
			isa = XCConfigurationList;
			buildConfigurations = (
				5CB46AED1968138600B66CA7 /* Debug */,
				5CB46AEE1968138600B66CA7 /* Release */,
			);
			defaultConfigurationIsVisible = 0;
			defaultConfigurationName = Release;
		};
/* End XCConfigurationList section */
	};
	rootObject = 5CB46AB21968138600B66CA7 /* Project object */;
}
